{
  "requires": true,
  "lockfileVersion": 1,
  "dependencies": {
    "async-limiter": {
      "version": "1.0.0",
      "resolved": "https://registry.npmjs.org/async-limiter/-/async-limiter-1.0.0.tgz",
      "integrity": "sha512-jp/uFnooOiO+L211eZOoSyzpOITMXx1rBITauYykG3BRYPu8h0UcxsPNB04RR5vo4Tyz3+ay17tR6JVf9qzYWg=="
    },
    "qu": {
      "version": "0.1.0",
      "resolved": "https://registry.npmjs.org/qu/-/qu-0.1.0.tgz",
      "integrity": "sha1-PD6brIVDcS5jtV45mv+Pv+PjWJM="
    },
    "simplesets": {
      "version": "1.2.0",
      "resolved": "https://registry.npmjs.org/simplesets/-/simplesets-1.2.0.tgz",
      "integrity": "sha1-gUs3HaV39ZeIsoS25/x2Ur9/Sxk="
    },
    "ws": {
      "version": "6.1.3",
      "resolved": "https://registry.npmjs.org/ws/-/ws-6.1.3.tgz",
      "integrity": "sha512-tbSxiT+qJI223AP4iLfQbkbxkwdFcneYinM2+x46Gx2wgvbaOMO36czfdfVUBRTHvzAMRhDd98sA5d/BuWbQdg==",
      "requires": {
        "async-limiter": "~1.0.0"
      }
    }
  }
}
